Microsoft Visual Studio Solution File, Format Version 12.00
# Visual Studio Version 17
VisualStudioVersion = 17.5.2.0
MinimumVisualStudioVersion = 10.0.40219.1
Project("{2150E333-8FDC-42A3-9474-1A3956D46DE8}") = "Tests", "Tests", "{0AB3BF05-4346-4AA6-1389-037BE0695223}"
EndProject
Project("{FAE04EC0-301F-11D3-BF4B-00C04F79EFBC}") = "MyNet.Utilities", "src\MyNet.Utilities\MyNet.Utilities.csproj", "{94C08C94-7BE2-E2CF-20A8-8F1609C4B247}"
EndProject
Project("{FAE04EC0-301F-11D3-BF4B-00C04F79EFBC}") = "MyNet.Utilities.Generator.Extensions", "src\MyNet.Utilities.Generator.Extensions\MyNet.Utilities.Generator.Extensions.csproj", "{3BD24BC5-CA32-B261-8A97-FAE753DEF09C}"
EndProject
Project("{FAE04EC0-301F-11D3-BF4B-00C04F79EFBC}") = "MyNet.Utilities.Geography.Extensions", "src\MyNet.Utilities.Geography.Extensions\MyNet.Utilities.Geography.Extensions.csproj", "{0EA96C51-4D2C-3580-7BEB-56F28B462F39}"
EndProject
Project("{FAE04EC0-301F-11D3-BF4B-00C04F79EFBC}") = "MyNet.Utilities.Localization.Extensions", "src\MyNet.Utilities.Localization.Extensions\MyNet.Utilities.Localization.Extensions.csproj", "{98A07169-BE4E-56C9-7F6D-8D418089094F}"
EndProject
Project("{FAE04EC0-301F-11D3-BF4B-00C04F79EFBC}") = "MyNet.Utilities.Logging.NLog", "src\MyNet.Utilities.Logging.NLog\MyNet.Utilities.Logging.NLog.csproj", "{000C0847-A9F8-414D-1049-06F1C386F9CA}"
EndProject
Project("{FAE04EC0-301F-11D3-BF4B-00C04F79EFBC}") = "MyNet.Utilities.Mail.MailKit", "src\MyNet.Utilities.Mail.MailKit\MyNet.Utilities.Mail.MailKit.csproj", "{A679D2FE-03FB-659A-EC60-379ECEB8FEA0}"
EndProject
Project("{FAE04EC0-301F-11D3-BF4B-00C04F79EFBC}") = "MyNet.Utilities.Tests", "tests\MyNet.Utilities.Tests\MyNet.Utilities.Tests.csproj", "{4CFCE474-D538-9CA7-60BF-C6F6BDD132B3}"
EndProject
Project("{2150E333-8FDC-42A3-9474-1A3956D46DE8}") = "Github Actions", "Github Actions", "{02EA681E-C7D8-13C7-8484-4AC65E1B71E8}"
	ProjectSection(SolutionItems) = preProject
		.github\workflows\ci.yml = .github\workflows\ci.yml
		.github\workflows\release.yml = .github\workflows\release.yml
		.github\workflows\tag.yml = .github\workflows\tag.yml
	EndProjectSection
EndProject
Project("{2150E333-8FDC-42A3-9474-1A3956D46DE8}") = "Docs", "Docs", "{2E7433DA-B851-4B09-A8BF-5E8265B474AC}"
	ProjectSection(SolutionItems) = preProject
		CODE_OF_CONDUCT.md = CODE_OF_CONDUCT.md
		CONTRIBUTING.md = CONTRIBUTING.md
		.github\docs\CONVENTIONAL_COMMITS.md = .github\docs\CONVENTIONAL_COMMITS.md
		LICENSE = LICENSE
		.github\PULL_REQUEST_TEMPLATE.md = .github\PULL_REQUEST_TEMPLATE.md
		README.md = README.md
		.github\docs\WORKFLOWS.md = .github\docs\WORKFLOWS.md
	EndProjectSection
EndProject
Project("{2150E333-8FDC-42A3-9474-1A3956D46DE8}") = "Build", "Build", "{892DFD87-4C6A-412C-8243-7E9709DF5209}"
	ProjectSection(SolutionItems) = preProject
		.runsettings = .runsettings
		build\code-analysis.props = build\code-analysis.props
		build\dependencies.props = build\dependencies.props
		Directory.Build.props = Directory.Build.props
		Directory.Build.targets = Directory.Build.targets
		global.json = global.json
		NuGet.config = NuGet.config
		build\package.props = build\package.props
		Settings.XamlStyler = Settings.XamlStyler
	EndProjectSection
EndProject
Project("{2150E333-8FDC-42A3-9474-1A3956D46DE8}") = "Assets", "Assets", "{FB9A9AA6-6119-43F3-9F1B-A4539F2DD1A3}"
	ProjectSection(SolutionItems) = preProject
		assets\MyNetAutoMapper.png = assets\MyNetAutoMapper.png
		assets\MyNetAvalonia.png = assets\MyNetAvalonia.png
		assets\MyNetCsvHelper.png = assets\MyNetCsvHelper.png
		assets\MyNetDynamicData.png = assets\MyNetDynamicData.png
		assets\MyNetHttp.png = assets\MyNetHttp.png
		assets\MyNetHumanizer.png = assets\MyNetHumanizer.png
		assets\MyNetObservable.png = assets\MyNetObservable.png
		assets\MyNetUI.png = assets\MyNetUI.png
		assets\MyNetUtilities.png = assets\MyNetUtilities.png
		assets\MyNetWpf.png = assets\MyNetWpf.png
		assets\MyNetXaml.png = assets\MyNetXaml.png
	EndProjectSection
EndProject
Project("{2150E333-8FDC-42A3-9474-1A3956D46DE8}") = "Code analysis", "Code analysis", "{015D541F-7A6E-4FF7-A267-7FA869C00DE0}"
	ProjectSection(SolutionItems) = preProject
		.editorconfig = .editorconfig
		stylecop.json = stylecop.json
	EndProjectSection
EndProject
Project("{FAE04EC0-301F-11D3-BF4B-00C04F79EFBC}") = "MyNet.CsvHelper.Extensions", "src\MyNet.CsvHelper.Extensions\MyNet.CsvHelper.Extensions.csproj", "{1499A752-BA9E-F7E6-2FA0-A14E5F9FC770}"
EndProject
Project("{FAE04EC0-301F-11D3-BF4B-00C04F79EFBC}") = "MyNet.Humanizer", "src\MyNet.Humanizer\MyNet.Humanizer.csproj", "{6FD0957D-DF4C-8388-04F1-F7821C11A852}"
EndProject
Project("{FAE04EC0-301F-11D3-BF4B-00C04F79EFBC}") = "MyNet.Observable", "src\MyNet.Observable\MyNet.Observable.csproj", "{41D4CB37-6A46-E088-95EC-FB254A481965}"
EndProject
Project("{FAE04EC0-301F-11D3-BF4B-00C04F79EFBC}") = "MyNet.UI", "src\MyNet.UI\MyNet.UI.csproj", "{C49DBB04-263E-DEE7-04DA-837EDB813775}"
EndProject
Project("{FAE04EC0-301F-11D3-BF4B-00C04F79EFBC}") = "MyNet.Humanizer.UnitTests", "tests\MyNet.Humanizer.UnitTests\MyNet.Humanizer.UnitTests.csproj", "{2090F530-BECF-6B20-D9BD-5E7E19A89366}"
EndProject
Project("{2150E333-8FDC-42A3-9474-1A3956D46DE8}") = "Versioning", "Versioning", "{ECE90391-AE4A-42D9-8332-508DC90BABE6}"
	ProjectSection(SolutionItems) = preProject
		version.json = version.json
	EndProjectSection
EndProject
Project("{2150E333-8FDC-42A3-9474-1A3956D46DE8}") = "Scripts", "Scripts", "{4942B6F1-961C-4D26-A566-06D348BA98C1}"
	ProjectSection(SolutionItems) = preProject
		scripts\test-coverage.ps1 = scripts\test-coverage.ps1
	EndProjectSection
EndProject
Project("{FAE04EC0-301F-11D3-BF4B-00C04F79EFBC}") = "MyNet.AutoMapper.Extensions", "src\MyNet.AutoMapper.Extensions\MyNet.AutoMapper.Extensions.csproj", "{A0F36FB9-5442-CC32-B310-7A83D2CAA776}"
EndProject
Project("{FAE04EC0-301F-11D3-BF4B-00C04F79EFBC}") = "MyNet.Http", "src\MyNet.Http\MyNet.Http.csproj", "{916AE5D1-AEFA-6E1D-D395-BD4EDC7ED10D}"
EndProject
Project("{2150E333-8FDC-42A3-9474-1A3956D46DE8}") = "Wpf", "Wpf", "{588950BE-D5F6-4387-B511-BDB903493436}"
	ProjectSection(SolutionItems) = preProject
		src\Wpf\Directory.Build.props = src\Wpf\Directory.Build.props
	EndProjectSection
EndProject
Project("{2150E333-8FDC-42A3-9474-1A3956D46DE8}") = "Avalonia", "Avalonia", "{7C7CC95A-7D7D-427F-BAA9-19EE998C6D23}"
	ProjectSection(SolutionItems) = preProject
		src\Avalonia\Directory.Build.props = src\Avalonia\Directory.Build.props
	EndProjectSection
EndProject
Project("{FAE04EC0-301F-11D3-BF4B-00C04F79EFBC}") = "LiveCharts", "src\Wpf\LiveCharts\LiveCharts\LiveCharts.csproj", "{962BF176-50A4-A051-6B4F-3C9668767590}"
EndProject
Project("{2150E333-8FDC-42A3-9474-1A3956D46DE8}") = "LiveCharts", "LiveCharts", "{3FA842DE-2B04-49C8-AE73-5E80F3D3DB4B}"
EndProject
Project("{FAE04EC0-301F-11D3-BF4B-00C04F79EFBC}") = "LiveCharts.Wpf", "src\Wpf\LiveCharts\LiveCharts.Wpf\LiveCharts.Wpf.csproj", "{01FEEE64-B857-4C93-CB41-1CEC931BC4FE}"
EndProject
Project("{FAE04EC0-301F-11D3-BF4B-00C04F79EFBC}") = "MyNet.Wpf", "src\Wpf\MyNet.Wpf\MyNet.Wpf.csproj", "{E3A42752-A3CD-2D7C-41D6-D6D7C3B0DEDB}"
EndProject
Project("{FAE04EC0-301F-11D3-BF4B-00C04F79EFBC}") = "MyNet.Wpf.DragAndDrop", "src\Wpf\MyNet.Wpf.DragAndDrop\MyNet.Wpf.DragAndDrop.csproj", "{59274D09-1181-B7E5-A4E4-B3D7C3FDC726}"
EndProject
Project("{FAE04EC0-301F-11D3-BF4B-00C04F79EFBC}") = "MyNet.Wpf.LiveCharts", "src\Wpf\MyNet.Wpf.LiveCharts\MyNet.Wpf.LiveCharts.csproj", "{478ABB78-CE5D-0999-2604-B6C1A908C03B}"
EndProject
Project("{FAE04EC0-301F-11D3-BF4B-00C04F79EFBC}") = "MyNet.Wpf.Presentation", "src\Wpf\MyNet.Wpf.Presentation\MyNet.Wpf.Presentation.csproj", "{1F495846-CF14-DD73-77BD-C2230F38A26F}"
EndProject
Project("{FAE04EC0-301F-11D3-BF4B-00C04F79EFBC}") = "MyNet.Wpf.Web", "src\Wpf\MyNet.Wpf.Web\MyNet.Wpf.Web.csproj", "{13375FC2-BA2C-37FE-A4E8-02162B9474EA}"
EndProject
Project("{FAE04EC0-301F-11D3-BF4B-00C04F79EFBC}") = "MyNet.Avalonia", "src\Avalonia\MyNet.Avalonia\MyNet.Avalonia.csproj", "{7BB8F447-6DA8-B57F-FBF2-E718386789BA}"
EndProject
Project("{FAE04EC0-301F-11D3-BF4B-00C04F79EFBC}") = "MyNet.Avalonia.Controls", "src\Avalonia\MyNet.Avalonia.Controls\MyNet.Avalonia.Controls.csproj", "{311C3ED1-8411-0D49-E76C-4FA7BB234B40}"
EndProject
Project("{FAE04EC0-301F-11D3-BF4B-00C04F79EFBC}") = "MyNet.Avalonia.Theme", "src\Avalonia\MyNet.Avalonia.Theme\MyNet.Avalonia.Theme.csproj", "{E60678BA-1F56-E291-535B-2D3182A6D1F4}"
EndProject
Project("{FAE04EC0-301F-11D3-BF4B-00C04F79EFBC}") = "MyNet.Avalonia.UI", "src\Avalonia\MyNet.Avalonia.UI\MyNet.Avalonia.UI.csproj", "{68A6F635-AA33-2F24-02E3-CA4CD18AC1C5}"
EndProject
Project("{2150E333-8FDC-42A3-9474-1A3956D46DE8}") = "Demos", "Demos", "{2C7D6C1B-A6CA-44B6-B604-FDD86A107640}"
EndProject
Project("{FAE04EC0-301F-11D3-BF4B-00C04F79EFBC}") = "MyNet.Wpf.Demo", "demos\MyNet.Wpf.Demo\MyNet.Wpf.Demo.csproj", "{21F988AE-E497-F744-F6F5-94385605B8BC}"
EndProject
Project("{FAE04EC0-301F-11D3-BF4B-00C04F79EFBC}") = "MyNet.Avalonia.Demo", "demos\MyNet.Avalonia.Demo\MyNet.Avalonia.Demo.csproj", "{5771D788-0298-CFC7-B3D2-D20249AA3FCE}"
EndProject
Project("{FAE04EC0-301F-11D3-BF4B-00C04F79EFBC}") = "MyNet.Avalonia.Demo.Desktop", "demos\MyNet.Avalonia.Demo.Desktop\MyNet.Avalonia.Demo.Desktop.csproj", "{7F71A729-E05E-0121-D4D7-15D8676DDDC8}"
EndProject
Project("{FAE04EC0-301F-11D3-BF4B-00C04F79EFBC}") = "MyNet.Avalonia.Demo.Browser", "demos\MyNet.Avalonia.Demo.Browser\MyNet.Avalonia.Demo.Browser.csproj", "{B6246235-FFA4-472E-4888-DDCDCD30A950}"
EndProject
Project("{2150E333-8FDC-42A3-9474-1A3956D46DE8}") = "Solution Files", "Solution Files", "{761E88AC-1747-465B-BFFA-B7EFFD3F47B6}"
EndProject
Project("{FAE04EC0-301F-11D3-BF4B-00C04F79EFBC}") = "MyNet.Xaml.Html", "src\Wpf\MyNet.Xaml.Html\MyNet.Xaml.Html.csproj", "{D04297EC-EA9B-C0D8-3FC7-48E84E314B14}"
EndProject
Project("{2150E333-8FDC-42A3-9474-1A3956D46DE8}") = "Config", "Config", "{9C3385D2-1E72-4723-83A9-35A106A6ACBA}"
	ProjectSection(SolutionItems) = preProject
		.github\.chglog\CHANGELOG.tpl.md = .github\.chglog\CHANGELOG.tpl.md
		.github\.chglog\config.yml = .github\.chglog\config.yml
		.github\.chglog\release-config.yml = .github\.chglog\release-config.yml
		.github\.chglog\RELEASE.tpl.md = .github\.chglog\RELEASE.tpl.md
	EndProjectSection
EndProject
Global
	GlobalSection(SolutionConfigurationPlatforms) = preSolution
		Debug|Any CPU = Debug|Any CPU
		Release|Any CPU = Release|Any CPU
	EndGlobalSection
	GlobalSection(ProjectConfigurationPlatforms) = postSolution
		{94C08C94-7BE2-E2CF-20A8-8F1609C4B247}.Debug|Any CPU.ActiveCfg = Debug|Any CPU
		{94C08C94-7BE2-E2CF-20A8-8F1609C4B247}.Debug|Any CPU.Build.0 = Debug|Any CPU
		{94C08C94-7BE2-E2CF-20A8-8F1609C4B247}.Release|Any CPU.ActiveCfg = Release|Any CPU
		{94C08C94-7BE2-E2CF-20A8-8F1609C4B247}.Release|Any CPU.Build.0 = Release|Any CPU
		{3BD24BC5-CA32-B261-8A97-FAE753DEF09C}.Debug|Any CPU.ActiveCfg = Debug|Any CPU
		{3BD24BC5-CA32-B261-8A97-FAE753DEF09C}.Debug|Any CPU.Build.0 = Debug|Any CPU
		{3BD24BC5-CA32-B261-8A97-FAE753DEF09C}.Release|Any CPU.ActiveCfg = Release|Any CPU
		{3BD24BC5-CA32-B261-8A97-FAE753DEF09C}.Release|Any CPU.Build.0 = Release|Any CPU
		{0EA96C51-4D2C-3580-7BEB-56F28B462F39}.Debug|Any CPU.ActiveCfg = Debug|Any CPU
		{0EA96C51-4D2C-3580-7BEB-56F28B462F39}.Debug|Any CPU.Build.0 = Debug|Any CPU
		{0EA96C51-4D2C-3580-7BEB-56F28B462F39}.Release|Any CPU.ActiveCfg = Release|Any CPU
		{0EA96C51-4D2C-3580-7BEB-56F28B462F39}.Release|Any CPU.Build.0 = Release|Any CPU
		{98A07169-BE4E-56C9-7F6D-8D418089094F}.Debug|Any CPU.ActiveCfg = Debug|Any CPU
		{98A07169-BE4E-56C9-7F6D-8D418089094F}.Debug|Any CPU.Build.0 = Debug|Any CPU
		{98A07169-BE4E-56C9-7F6D-8D418089094F}.Release|Any CPU.ActiveCfg = Release|Any CPU
		{98A07169-BE4E-56C9-7F6D-8D418089094F}.Release|Any CPU.Build.0 = Release|Any CPU
		{000C0847-A9F8-414D-1049-06F1C386F9CA}.Debug|Any CPU.ActiveCfg = Debug|Any CPU
		{000C0847-A9F8-414D-1049-06F1C386F9CA}.Debug|Any CPU.Build.0 = Debug|Any CPU
		{000C0847-A9F8-414D-1049-06F1C386F9CA}.Release|Any CPU.ActiveCfg = Release|Any CPU
		{000C0847-A9F8-414D-1049-06F1C386F9CA}.Release|Any CPU.Build.0 = Release|Any CPU
		{A679D2FE-03FB-659A-EC60-379ECEB8FEA0}.Debug|Any CPU.ActiveCfg = Debug|Any CPU
		{A679D2FE-03FB-659A-EC60-379ECEB8FEA0}.Debug|Any CPU.Build.0 = Debug|Any CPU
		{A679D2FE-03FB-659A-EC60-379ECEB8FEA0}.Release|Any CPU.ActiveCfg = Release|Any CPU
		{A679D2FE-03FB-659A-EC60-379ECEB8FEA0}.Release|Any CPU.Build.0 = Release|Any CPU
		{4CFCE474-D538-9CA7-60BF-C6F6BDD132B3}.Debug|Any CPU.ActiveCfg = Debug|Any CPU
		{4CFCE474-D538-9CA7-60BF-C6F6BDD132B3}.Debug|Any CPU.Build.0 = Debug|Any CPU
		{4CFCE474-D538-9CA7-60BF-C6F6BDD132B3}.Release|Any CPU.ActiveCfg = Release|Any CPU
		{4CFCE474-D538-9CA7-60BF-C6F6BDD132B3}.Release|Any CPU.Build.0 = Release|Any CPU
		{1499A752-BA9E-F7E6-2FA0-A14E5F9FC770}.Debug|Any CPU.ActiveCfg = Debug|Any CPU
		{1499A752-BA9E-F7E6-2FA0-A14E5F9FC770}.Debug|Any CPU.Build.0 = Debug|Any CPU
		{1499A752-BA9E-F7E6-2FA0-A14E5F9FC770}.Release|Any CPU.ActiveCfg = Release|Any CPU
		{1499A752-BA9E-F7E6-2FA0-A14E5F9FC770}.Release|Any CPU.Build.0 = Release|Any CPU
		{6FD0957D-DF4C-8388-04F1-F7821C11A852}.Debug|Any CPU.ActiveCfg = Debug|Any CPU
		{6FD0957D-DF4C-8388-04F1-F7821C11A852}.Debug|Any CPU.Build.0 = Debug|Any CPU
		{6FD0957D-DF4C-8388-04F1-F7821C11A852}.Release|Any CPU.ActiveCfg = Release|Any CPU
		{6FD0957D-DF4C-8388-04F1-F7821C11A852}.Release|Any CPU.Build.0 = Release|Any CPU
		{41D4CB37-6A46-E088-95EC-FB254A481965}.Debug|Any CPU.ActiveCfg = Debug|Any CPU
		{41D4CB37-6A46-E088-95EC-FB254A481965}.Debug|Any CPU.Build.0 = Debug|Any CPU
		{41D4CB37-6A46-E088-95EC-FB254A481965}.Release|Any CPU.ActiveCfg = Release|Any CPU
		{41D4CB37-6A46-E088-95EC-FB254A481965}.Release|Any CPU.Build.0 = Release|Any CPU
		{C49DBB04-263E-DEE7-04DA-837EDB813775}.Debug|Any CPU.ActiveCfg = Debug|Any CPU
		{C49DBB04-263E-DEE7-04DA-837EDB813775}.Debug|Any CPU.Build.0 = Debug|Any CPU
		{C49DBB04-263E-DEE7-04DA-837EDB813775}.Release|Any CPU.ActiveCfg = Release|Any CPU
		{C49DBB04-263E-DEE7-04DA-837EDB813775}.Release|Any CPU.Build.0 = Release|Any CPU
		{2090F530-BECF-6B20-D9BD-5E7E19A89366}.Debug|Any CPU.ActiveCfg = Debug|Any CPU
		{2090F530-BECF-6B20-D9BD-5E7E19A89366}.Debug|Any CPU.Build.0 = Debug|Any CPU
		{2090F530-BECF-6B20-D9BD-5E7E19A89366}.Release|Any CPU.ActiveCfg = Release|Any CPU
		{2090F530-BECF-6B20-D9BD-5E7E19A89366}.Release|Any CPU.Build.0 = Release|Any CPU
		{A0F36FB9-5442-CC32-B310-7A83D2CAA776}.Debug|Any CPU.ActiveCfg = Debug|Any CPU
		{A0F36FB9-5442-CC32-B310-7A83D2CAA776}.Debug|Any CPU.Build.0 = Debug|Any CPU
		{A0F36FB9-5442-CC32-B310-7A83D2CAA776}.Release|Any CPU.ActiveCfg = Release|Any CPU
		{A0F36FB9-5442-CC32-B310-7A83D2CAA776}.Release|Any CPU.Build.0 = Release|Any CPU
		{916AE5D1-AEFA-6E1D-D395-BD4EDC7ED10D}.Debug|Any CPU.ActiveCfg = Debug|Any CPU
		{916AE5D1-AEFA-6E1D-D395-BD4EDC7ED10D}.Debug|Any CPU.Build.0 = Debug|Any CPU
		{916AE5D1-AEFA-6E1D-D395-BD4EDC7ED10D}.Release|Any CPU.ActiveCfg = Release|Any CPU
		{916AE5D1-AEFA-6E1D-D395-BD4EDC7ED10D}.Release|Any CPU.Build.0 = Release|Any CPU
		{962BF176-50A4-A051-6B4F-3C9668767590}.Debug|Any CPU.ActiveCfg = Debug|Any CPU
		{962BF176-50A4-A051-6B4F-3C9668767590}.Debug|Any CPU.Build.0 = Debug|Any CPU
		{962BF176-50A4-A051-6B4F-3C9668767590}.Release|Any CPU.ActiveCfg = Release|Any CPU
		{962BF176-50A4-A051-6B4F-3C9668767590}.Release|Any CPU.Build.0 = Release|Any CPU
		{01FEEE64-B857-4C93-CB41-1CEC931BC4FE}.Debug|Any CPU.ActiveCfg = Debug|Any CPU
		{01FEEE64-B857-4C93-CB41-1CEC931BC4FE}.Debug|Any CPU.Build.0 = Debug|Any CPU
		{01FEEE64-B857-4C93-CB41-1CEC931BC4FE}.Release|Any CPU.ActiveCfg = Release|Any CPU
		{01FEEE64-B857-4C93-CB41-1CEC931BC4FE}.Release|Any CPU.Build.0 = Release|Any CPU
		{E3A42752-A3CD-2D7C-41D6-D6D7C3B0DEDB}.Debug|Any CPU.ActiveCfg = Debug|Any CPU
		{E3A42752-A3CD-2D7C-41D6-D6D7C3B0DEDB}.Debug|Any CPU.Build.0 = Debug|Any CPU
		{E3A42752-A3CD-2D7C-41D6-D6D7C3B0DEDB}.Release|Any CPU.ActiveCfg = Release|Any CPU
		{E3A42752-A3CD-2D7C-41D6-D6D7C3B0DEDB}.Release|Any CPU.Build.0 = Release|Any CPU
		{59274D09-1181-B7E5-A4E4-B3D7C3FDC726}.Debug|Any CPU.ActiveCfg = Debug|Any CPU
		{59274D09-1181-B7E5-A4E4-B3D7C3FDC726}.Debug|Any CPU.Build.0 = Debug|Any CPU
		{59274D09-1181-B7E5-A4E4-B3D7C3FDC726}.Release|Any CPU.ActiveCfg = Release|Any CPU
		{59274D09-1181-B7E5-A4E4-B3D7C3FDC726}.Release|Any CPU.Build.0 = Release|Any CPU
		{478ABB78-CE5D-0999-2604-B6C1A908C03B}.Debug|Any CPU.ActiveCfg = Debug|Any CPU
		{478ABB78-CE5D-0999-2604-B6C1A908C03B}.Debug|Any CPU.Build.0 = Debug|Any CPU
		{478ABB78-CE5D-0999-2604-B6C1A908C03B}.Release|Any CPU.ActiveCfg = Release|Any CPU
		{478ABB78-CE5D-0999-2604-B6C1A908C03B}.Release|Any CPU.Build.0 = Release|Any CPU
		{1F495846-CF14-DD73-77BD-C2230F38A26F}.Debug|Any CPU.ActiveCfg = Debug|Any CPU
		{1F495846-CF14-DD73-77BD-C2230F38A26F}.Debug|Any CPU.Build.0 = Debug|Any CPU
		{1F495846-CF14-DD73-77BD-C2230F38A26F}.Release|Any CPU.ActiveCfg = Release|Any CPU
		{1F495846-CF14-DD73-77BD-C2230F38A26F}.Release|Any CPU.Build.0 = Release|Any CPU
		{13375FC2-BA2C-37FE-A4E8-02162B9474EA}.Debug|Any CPU.ActiveCfg = Debug|Any CPU
		{13375FC2-BA2C-37FE-A4E8-02162B9474EA}.Debug|Any CPU.Build.0 = Debug|Any CPU
		{13375FC2-BA2C-37FE-A4E8-02162B9474EA}.Release|Any CPU.ActiveCfg = Release|Any CPU
		{13375FC2-BA2C-37FE-A4E8-02162B9474EA}.Release|Any CPU.Build.0 = Release|Any CPU
		{7BB8F447-6DA8-B57F-FBF2-E718386789BA}.Debug|Any CPU.ActiveCfg = Debug|Any CPU
		{7BB8F447-6DA8-B57F-FBF2-E718386789BA}.Debug|Any CPU.Build.0 = Debug|Any CPU
		{7BB8F447-6DA8-B57F-FBF2-E718386789BA}.Release|Any CPU.ActiveCfg = Release|Any CPU
		{7BB8F447-6DA8-B57F-FBF2-E718386789BA}.Release|Any CPU.Build.0 = Release|Any CPU
		{311C3ED1-8411-0D49-E76C-4FA7BB234B40}.Debug|Any CPU.ActiveCfg = Debug|Any CPU
		{311C3ED1-8411-0D49-E76C-4FA7BB234B40}.Debug|Any CPU.Build.0 = Debug|Any CPU
		{311C3ED1-8411-0D49-E76C-4FA7BB234B40}.Release|Any CPU.ActiveCfg = Release|Any CPU
		{311C3ED1-8411-0D49-E76C-4FA7BB234B40}.Release|Any CPU.Build.0 = Release|Any CPU
		{E60678BA-1F56-E291-535B-2D3182A6D1F4}.Debug|Any CPU.ActiveCfg = Debug|Any CPU
		{E60678BA-1F56-E291-535B-2D3182A6D1F4}.Debug|Any CPU.Build.0 = Debug|Any CPU
		{E60678BA-1F56-E291-535B-2D3182A6D1F4}.Release|Any CPU.ActiveCfg = Release|Any CPU
		{E60678BA-1F56-E291-535B-2D3182A6D1F4}.Release|Any CPU.Build.0 = Release|Any CPU
		{68A6F635-AA33-2F24-02E3-CA4CD18AC1C5}.Debug|Any CPU.ActiveCfg = Debug|Any CPU
		{68A6F635-AA33-2F24-02E3-CA4CD18AC1C5}.Debug|Any CPU.Build.0 = Debug|Any CPU
		{68A6F635-AA33-2F24-02E3-CA4CD18AC1C5}.Release|Any CPU.ActiveCfg = Release|Any CPU
		{68A6F635-AA33-2F24-02E3-CA4CD18AC1C5}.Release|Any CPU.Build.0 = Release|Any CPU
		{21F988AE-E497-F744-F6F5-94385605B8BC}.Debug|Any CPU.ActiveCfg = Debug|Any CPU
		{21F988AE-E497-F744-F6F5-94385605B8BC}.Debug|Any CPU.Build.0 = Debug|Any CPU
		{21F988AE-E497-F744-F6F5-94385605B8BC}.Release|Any CPU.ActiveCfg = Release|Any CPU
		{21F988AE-E497-F744-F6F5-94385605B8BC}.Release|Any CPU.Build.0 = Release|Any CPU
		{5771D788-0298-CFC7-B3D2-D20249AA3FCE}.Debug|Any CPU.ActiveCfg = Debug|Any CPU
		{5771D788-0298-CFC7-B3D2-D20249AA3FCE}.Debug|Any CPU.Build.0 = Debug|Any CPU
		{5771D788-0298-CFC7-B3D2-D20249AA3FCE}.Release|Any CPU.ActiveCfg = Release|Any CPU
		{5771D788-0298-CFC7-B3D2-D20249AA3FCE}.Release|Any CPU.Build.0 = Release|Any CPU
		{7F71A729-E05E-0121-D4D7-15D8676DDDC8}.Debug|Any CPU.ActiveCfg = Debug|Any CPU
		{7F71A729-E05E-0121-D4D7-15D8676DDDC8}.Debug|Any CPU.Build.0 = Debug|Any CPU
		{7F71A729-E05E-0121-D4D7-15D8676DDDC8}.Release|Any CPU.ActiveCfg = Release|Any CPU
		{7F71A729-E05E-0121-D4D7-15D8676DDDC8}.Release|Any CPU.Build.0 = Release|Any CPU
		{B6246235-FFA4-472E-4888-DDCDCD30A950}.Debug|Any CPU.ActiveCfg = Debug|Any CPU
		{B6246235-FFA4-472E-4888-DDCDCD30A950}.Debug|Any CPU.Build.0 = Debug|Any CPU
		{B6246235-FFA4-472E-4888-DDCDCD30A950}.Release|Any CPU.ActiveCfg = Release|Any CPU
		{B6246235-FFA4-472E-4888-DDCDCD30A950}.Release|Any CPU.Build.0 = Release|Any CPU
		{D04297EC-EA9B-C0D8-3FC7-48E84E314B14}.Debug|Any CPU.ActiveCfg = Debug|Any CPU
		{D04297EC-EA9B-C0D8-3FC7-48E84E314B14}.Debug|Any CPU.Build.0 = Debug|Any CPU
		{D04297EC-EA9B-C0D8-3FC7-48E84E314B14}.Release|Any CPU.ActiveCfg = Release|Any CPU
		{D04297EC-EA9B-C0D8-3FC7-48E84E314B14}.Release|Any CPU.Build.0 = Release|Any CPU
	EndGlobalSection
	GlobalSection(SolutionProperties) = preSolution
		HideSolutionNode = FALSE
	EndGlobalSection
	GlobalSection(NestedProjects) = preSolution
		{4CFCE474-D538-9CA7-60BF-C6F6BDD132B3} = {0AB3BF05-4346-4AA6-1389-037BE0695223}
		{2E7433DA-B851-4B09-A8BF-5E8265B474AC} = {761E88AC-1747-465B-BFFA-B7EFFD3F47B6}
		{892DFD87-4C6A-412C-8243-7E9709DF5209} = {761E88AC-1747-465B-BFFA-B7EFFD3F47B6}
		{FB9A9AA6-6119-43F3-9F1B-A4539F2DD1A3} = {761E88AC-1747-465B-BFFA-B7EFFD3F47B6}
		{015D541F-7A6E-4FF7-A267-7FA869C00DE0} = {761E88AC-1747-465B-BFFA-B7EFFD3F47B6}
		{2090F530-BECF-6B20-D9BD-5E7E19A89366} = {0AB3BF05-4346-4AA6-1389-037BE0695223}
		{ECE90391-AE4A-42D9-8332-508DC90BABE6} = {761E88AC-1747-465B-BFFA-B7EFFD3F47B6}
		{4942B6F1-961C-4D26-A566-06D348BA98C1} = {761E88AC-1747-465B-BFFA-B7EFFD3F47B6}
		{962BF176-50A4-A051-6B4F-3C9668767590} = {3FA842DE-2B04-49C8-AE73-5E80F3D3DB4B}
		{3FA842DE-2B04-49C8-AE73-5E80F3D3DB4B} = {588950BE-D5F6-4387-B511-BDB903493436}
		{01FEEE64-B857-4C93-CB41-1CEC931BC4FE} = {3FA842DE-2B04-49C8-AE73-5E80F3D3DB4B}
		{E3A42752-A3CD-2D7C-41D6-D6D7C3B0DEDB} = {588950BE-D5F6-4387-B511-BDB903493436}
		{59274D09-1181-B7E5-A4E4-B3D7C3FDC726} = {588950BE-D5F6-4387-B511-BDB903493436}
		{478ABB78-CE5D-0999-2604-B6C1A908C03B} = {588950BE-D5F6-4387-B511-BDB903493436}
		{1F495846-CF14-DD73-77BD-C2230F38A26F} = {588950BE-D5F6-4387-B511-BDB903493436}
		{13375FC2-BA2C-37FE-A4E8-02162B9474EA} = {588950BE-D5F6-4387-B511-BDB903493436}
		{7BB8F447-6DA8-B57F-FBF2-E718386789BA} = {7C7CC95A-7D7D-427F-BAA9-19EE998C6D23}
		{311C3ED1-8411-0D49-E76C-4FA7BB234B40} = {7C7CC95A-7D7D-427F-BAA9-19EE998C6D23}
		{E60678BA-1F56-E291-535B-2D3182A6D1F4} = {7C7CC95A-7D7D-427F-BAA9-19EE998C6D23}
		{68A6F635-AA33-2F24-02E3-CA4CD18AC1C5} = {7C7CC95A-7D7D-427F-BAA9-19EE998C6D23}
		{21F988AE-E497-F744-F6F5-94385605B8BC} = {2C7D6C1B-A6CA-44B6-B604-FDD86A107640}
		{5771D788-0298-CFC7-B3D2-D20249AA3FCE} = {2C7D6C1B-A6CA-44B6-B604-FDD86A107640}
		{7F71A729-E05E-0121-D4D7-15D8676DDDC8} = {2C7D6C1B-A6CA-44B6-B604-FDD86A107640}
		{B6246235-FFA4-472E-4888-DDCDCD30A950} = {2C7D6C1B-A6CA-44B6-B604-FDD86A107640}
		{D04297EC-EA9B-C0D8-3FC7-48E84E314B14} = {588950BE-D5F6-4387-B511-BDB903493436}
		{9C3385D2-1E72-4723-83A9-35A106A6ACBA} = {02EA681E-C7D8-13C7-8484-4AC65E1B71E8}
	EndGlobalSection
	GlobalSection(ExtensibilityGlobals) = postSolution
		SolutionGuid = {075CDC9E-861B-4CC2-87C4-C6DD6DDB77B6}
	EndGlobalSection
EndGlobal
